
Microsoft Visual Studio Solution File, Format Version 12.00
# Visual Studio 15
VisualStudioVersion = 15.0.27703.2042
MinimumVisualStudioVersion = 10.0.40219.1
Project("{FAE04EC0-301F-11D3-BF4B-00C04F79EFBC}") = "theRealGitRepoEX", "theRealGitRepoEX\theRealGitRepoEX.csproj", "{BCFAAB97-BA89-468C-BB1B-38AB148D7275}"
EndProject
Global
	GlobalSection(SolutionConfigurationPlatforms) = preSolution
		Debug|Any CPU = Debug|Any CPU
		Release|Any CPU = Release|Any CPU
	EndGlobalSection
	GlobalSection(ProjectConfigurationPlatforms) = postSolution
		{BCFAAB97-BA89-468C-BB1B-38AB148D7275}.Debug|Any CPU.ActiveCfg = Debug|Any CPU
		{BCFAAB97-BA89-468C-BB1B-38AB148D7275}.Debug|Any CPU.Build.0 = Debug|Any CPU
		{BCFAAB97-BA89-468C-BB1B-38AB148D7275}.Release|Any CPU.ActiveCfg = Release|Any CPU
		{BCFAAB97-BA89-468C-BB1B-38AB148D7275}.Release|Any CPU.Build.0 = Release|Any CPU
	EndGlobalSection
	GlobalSection(SolutionProperties) = preSolution
		HideSolutionNode = FALSE
	EndGlobalSection
	GlobalSection(ExtensibilityGlobals) = postSolution
		SolutionGuid = {3A440A22-D1F7-499F-91EA-AAED37A1CB49}
	EndGlobalSection
EndGlobal
